// !$*UTF8*$!
{
	archiveVersion = 1;
	classes = {
	};
	objectVersion = 50;
	objects = {

/* Begin PBXBuildFile section */
		36B3EB4E27E9B566C74EF83A /* Pods_MeetupAppTests.framework in Frameworks */ = {isa = PBXBuildFile; fileRef = 7D2E7669B93645DF91792340 /* Pods_MeetupAppTests.framework */; };
		5657163521B8D35D00702C77 /* LogInViewController.swift in Sources */ = {isa = PBXBuildFile; fileRef = 5657163421B8D35D00702C77 /* LogInViewController.swift */; };
		5684576B21AC4DEA0048EA93 /* GoogleService-Info.plist in Resources */ = {isa = PBXBuildFile; fileRef = 5684576A21AC4DEA0048EA93 /* GoogleService-Info.plist */; };
		56CE72F221AC3727009D4F75 /* AppDelegate.swift in Sources */ = {isa = PBXBuildFile; fileRef = 56CE72F121AC3727009D4F75 /* AppDelegate.swift */; };
		56CE72F721AC3727009D4F75 /* Main.storyboard in Resources */ = {isa = PBXBuildFile; fileRef = 56CE72F521AC3727009D4F75 /* Main.storyboard */; };
		56CE72FC21AC3729009D4F75 /* LaunchScreen.storyboard in Resources */ = {isa = PBXBuildFile; fileRef = 56CE72FA21AC3729009D4F75 /* LaunchScreen.storyboard */; };
		56CE730721AC3729009D4F75 /* MeetupAppTests.swift in Sources */ = {isa = PBXBuildFile; fileRef = 56CE730621AC3729009D4F75 /* MeetupAppTests.swift */; };
		56CE731221AC3729009D4F75 /* MeetupAppUITests.swift in Sources */ = {isa = PBXBuildFile; fileRef = 56CE731121AC3729009D4F75 /* MeetupAppUITests.swift */; };
		571B9E4621BF00290070138C /* SignUpViewController.swift in Sources */ = {isa = PBXBuildFile; fileRef = 571B9E4521BF00290070138C /* SignUpViewController.swift */; };
		573C918321C165CB007449B2 /* EventDescriptionViewController.swift in Sources */ = {isa = PBXBuildFile; fileRef = 573C918221C165CB007449B2 /* EventDescriptionViewController.swift */; };
		5764F6BA21C9509400707A35 /* MainViewController.swift in Sources */ = {isa = PBXBuildFile; fileRef = 5764F6B921C9509400707A35 /* MainViewController.swift */; };
		57B7CE2A21C0AD8200C95819 /* EventsTableViewCell.swift in Sources */ = {isa = PBXBuildFile; fileRef = 57B7CE2921C0AD8200C95819 /* EventsTableViewCell.swift */; };
		57B7CE2C21C0B57700C95819 /* EventsViewController.swift in Sources */ = {isa = PBXBuildFile; fileRef = 57B7CE2B21C0B57700C95819 /* EventsViewController.swift */; };
		57B7CE3021C0B81A00C95819 /* Event.swift in Sources */ = {isa = PBXBuildFile; fileRef = 57B7CE2F21C0B81A00C95819 /* Event.swift */; };
		57F9E22621D9B0CB009C9568 /* Assets.xcassets in Resources */ = {isa = PBXBuildFile; fileRef = 57F9E22521D9B0CB009C9568 /* Assets.xcassets */; };
		773316EE157673AD3E15C606 /* Pods_MeetupAppUITests.framework in Frameworks */ = {isa = PBXBuildFile; fileRef = 8DEADD27C06B2CD8E2C24EEF /* Pods_MeetupAppUITests.framework */; };
		BD6C7674A3596A60431192CC /* Pods_MeetupApp.framework in Frameworks */ = {isa = PBXBuildFile; fileRef = 1C99168B739DA94631271066 /* Pods_MeetupApp.framework */; };
		C10AB4EE21DA87800078C187 /* CodigoQR.swift in Sources */ = {isa = PBXBuildFile; fileRef = C10AB4ED21DA87800078C187 /* CodigoQR.swift */; };
/* End PBXBuildFile section */

/* Begin PBXContainerItemProxy section */
		56CE730321AC3729009D4F75 /* PBXContainerItemProxy */ = {
			isa = PBXContainerItemProxy;
			containerPortal = 56CE72E621AC3727009D4F75 /* Project object */;
			proxyType = 1;
			remoteGlobalIDString = 56CE72ED21AC3727009D4F75;
			remoteInfo = MeetupApp;
		};
		56CE730E21AC3729009D4F75 /* PBXContainerItemProxy */ = {
			isa = PBXContainerItemProxy;
			containerPortal = 56CE72E621AC3727009D4F75 /* Project object */;
			proxyType = 1;
			remoteGlobalIDString = 56CE72ED21AC3727009D4F75;
			remoteInfo = MeetupApp;
		};
/* End PBXContainerItemProxy section */

/* Begin PBXFileReference section */
		1C99168B739DA94631271066 /* Pods_MeetupApp.framework */ = {isa = PBXFileReference; explicitFileType = wrapper.framework; includeInIndex = 0; path = Pods_MeetupApp.framework; sourceTree = BUILT_PRODUCTS_DIR; };
		3C665BC41ABF96C3E2B71322 /* Pods-MeetupApp.release.xcconfig */ = {isa = PBXFileReference; includeInIndex = 1; lastKnownFileType = text.xcconfig; name = "Pods-MeetupApp.release.xcconfig"; path = "Pods/Target Support Files/Pods-MeetupApp/Pods-MeetupApp.release.xcconfig"; sourceTree = "<group>"; };
		5657163421B8D35D00702C77 /* LogInViewController.swift */ = {isa = PBXFileReference; lastKnownFileType = sourcecode.swift; path = LogInViewController.swift; sourceTree = "<group>"; };
		5684576A21AC4DEA0048EA93 /* GoogleService-Info.plist */ = {isa = PBXFileReference; fileEncoding = 4; lastKnownFileType = text.plist.xml; path = "GoogleService-Info.plist"; sourceTree = "<group>"; };
		56CE72EE21AC3727009D4F75 /* MeetupApp.app */ = {isa = PBXFileReference; explicitFileType = wrapper.application; includeInIndex = 0; path = MeetupApp.app; sourceTree = BUILT_PRODUCTS_DIR; };
		56CE72F121AC3727009D4F75 /* AppDelegate.swift */ = {isa = PBXFileReference; lastKnownFileType = sourcecode.swift; path = AppDelegate.swift; sourceTree = "<group>"; };
		56CE72F621AC3727009D4F75 /* Base */ = {isa = PBXFileReference; lastKnownFileType = file.storyboard; name = Base; path = Base.lproj/Main.storyboard; sourceTree = "<group>"; };
		56CE72FB21AC3729009D4F75 /* Base */ = {isa = PBXFileReference; lastKnownFileType = file.storyboard; name = Base; path = Base.lproj/LaunchScreen.storyboard; sourceTree = "<group>"; };
		56CE72FD21AC3729009D4F75 /* Info.plist */ = {isa = PBXFileReference; lastKnownFileType = text.plist.xml; path = Info.plist; sourceTree = "<group>"; };
		56CE730221AC3729009D4F75 /* MeetupAppTests.xctest */ = {isa = PBXFileReference; explicitFileType = wrapper.cfbundle; includeInIndex = 0; path = MeetupAppTests.xctest; sourceTree = BUILT_PRODUCTS_DIR; };
		56CE730621AC3729009D4F75 /* MeetupAppTests.swift */ = {isa = PBXFileReference; lastKnownFileType = sourcecode.swift; path = MeetupAppTests.swift; sourceTree = "<group>"; };
		56CE730821AC3729009D4F75 /* Info.plist */ = {isa = PBXFileReference; lastKnownFileType = text.plist.xml; path = Info.plist; sourceTree = "<group>"; };
		56CE730D21AC3729009D4F75 /* MeetupAppUITests.xctest */ = {isa = PBXFileReference; explicitFileType = wrapper.cfbundle; includeInIndex = 0; path = MeetupAppUITests.xctest; sourceTree = BUILT_PRODUCTS_DIR; };
		56CE731121AC3729009D4F75 /* MeetupAppUITests.swift */ = {isa = PBXFileReference; lastKnownFileType = sourcecode.swift; path = MeetupAppUITests.swift; sourceTree = "<group>"; };
		56CE731321AC3729009D4F75 /* Info.plist */ = {isa = PBXFileReference; lastKnownFileType = text.plist.xml; path = Info.plist; sourceTree = "<group>"; };
		571B9E4521BF00290070138C /* SignUpViewController.swift */ = {isa = PBXFileReference; lastKnownFileType = sourcecode.swift; path = SignUpViewController.swift; sourceTree = "<group>"; };
		573C918221C165CB007449B2 /* EventDescriptionViewController.swift */ = {isa = PBXFileReference; lastKnownFileType = sourcecode.swift; path = EventDescriptionViewController.swift; sourceTree = "<group>"; };
		5764F6B921C9509400707A35 /* MainViewController.swift */ = {isa = PBXFileReference; lastKnownFileType = sourcecode.swift; path = MainViewController.swift; sourceTree = "<group>"; };
		57B7CE2921C0AD8200C95819 /* EventsTableViewCell.swift */ = {isa = PBXFileReference; lastKnownFileType = sourcecode.swift; path = EventsTableViewCell.swift; sourceTree = "<group>"; };
		57B7CE2B21C0B57700C95819 /* EventsViewController.swift */ = {isa = PBXFileReference; lastKnownFileType = sourcecode.swift; path = EventsViewController.swift; sourceTree = "<group>"; };
		57B7CE2F21C0B81A00C95819 /* Event.swift */ = {isa = PBXFileReference; lastKnownFileType = sourcecode.swift; path = Event.swift; sourceTree = "<group>"; };
		57F9E22521D9B0CB009C9568 /* Assets.xcassets */ = {isa = PBXFileReference; lastKnownFileType = folder.assetcatalog; path = Assets.xcassets; sourceTree = "<group>"; };
		58D8E47B99A0929C27EEBF41 /* Pods-MeetupAppUITests.debug.xcconfig */ = {isa = PBXFileReference; includeInIndex = 1; lastKnownFileType = text.xcconfig; name = "Pods-MeetupAppUITests.debug.xcconfig"; path = "Pods/Target Support Files/Pods-MeetupAppUITests/Pods-MeetupAppUITests.debug.xcconfig"; sourceTree = "<group>"; };
		7D2E7669B93645DF91792340 /* Pods_MeetupAppTests.framework */ = {isa = PBXFileReference; explicitFileType = wrapper.framework; includeInIndex = 0; path = Pods_MeetupAppTests.framework; sourceTree = BUILT_PRODUCTS_DIR; };
		8576C1A4F7EAFD8B8A438854 /* Pods-MeetupApp.debug.xcconfig */ = {isa = PBXFileReference; includeInIndex = 1; lastKnownFileType = text.xcconfig; name = "Pods-MeetupApp.debug.xcconfig"; path = "Pods/Target Support Files/Pods-MeetupApp/Pods-MeetupApp.debug.xcconfig"; sourceTree = "<group>"; };
		8DEADD27C06B2CD8E2C24EEF /* Pods_MeetupAppUITests.framework */ = {isa = PBXFileReference; explicitFileType = wrapper.framework; includeInIndex = 0; path = Pods_MeetupAppUITests.framework; sourceTree = BUILT_PRODUCTS_DIR; };
		A687D5378255DBD054EE0423 /* Pods-MeetupAppUITests.release.xcconfig */ = {isa = PBXFileReference; includeInIndex = 1; lastKnownFileType = text.xcconfig; name = "Pods-MeetupAppUITests.release.xcconfig"; path = "Pods/Target Support Files/Pods-MeetupAppUITests/Pods-MeetupAppUITests.release.xcconfig"; sourceTree = "<group>"; };
		B395F0A299188E15ADD498C3 /* Pods-MeetupAppTests.release.xcconfig */ = {isa = PBXFileReference; includeInIndex = 1; lastKnownFileType = text.xcconfig; name = "Pods-MeetupAppTests.release.xcconfig"; path = "Pods/Target Support Files/Pods-MeetupAppTests/Pods-MeetupAppTests.release.xcconfig"; sourceTree = "<group>"; };
		C10AB4ED21DA87800078C187 /* CodigoQR.swift */ = {isa = PBXFileReference; lastKnownFileType = sourcecode.swift; path = CodigoQR.swift; sourceTree = "<group>"; };
		D960C6737EDC0FB2935B54F4 /* Pods-MeetupAppTests.debug.xcconfig */ = {isa = PBXFileReference; includeInIndex = 1; lastKnownFileType = text.xcconfig; name = "Pods-MeetupAppTests.debug.xcconfig"; path = "Pods/Target Support Files/Pods-MeetupAppTests/Pods-MeetupAppTests.debug.xcconfig"; sourceTree = "<group>"; };
/* End PBXFileReference section */

/* Begin PBXFrameworksBuildPhase section */
		56CE72EB21AC3727009D4F75 /* Frameworks */ = {
			isa = PBXFrameworksBuildPhase;
			buildActionMask = 2147483647;
			files = (
				BD6C7674A3596A60431192CC /* Pods_MeetupApp.framework in Frameworks */,
			);
			runOnlyForDeploymentPostprocessing = 0;
		};
		56CE72FF21AC3729009D4F75 /* Frameworks */ = {
			isa = PBXFrameworksBuildPhase;
			buildActionMask = 2147483647;
			files = (
				36B3EB4E27E9B566C74EF83A /* Pods_MeetupAppTests.framework in Frameworks */,
			);
			runOnlyForDeploymentPostprocessing = 0;
		};
		56CE730A21AC3729009D4F75 /* Frameworks */ = {
			isa = PBXFrameworksBuildPhase;
			buildActionMask = 2147483647;
			files = (
				773316EE157673AD3E15C606 /* Pods_MeetupAppUITests.framework in Frameworks */,
			);
			runOnlyForDeploymentPostprocessing = 0;
		};
/* End PBXFrameworksBuildPhase section */

/* Begin PBXGroup section */
		5267F3B76C2C52B085F55AB8 /* Frameworks */ = {
			isa = PBXGroup;
			children = (
				1C99168B739DA94631271066 /* Pods_MeetupApp.framework */,
				7D2E7669B93645DF91792340 /* Pods_MeetupAppTests.framework */,
				8DEADD27C06B2CD8E2C24EEF /* Pods_MeetupAppUITests.framework */,
			);
			name = Frameworks;
			sourceTree = "<group>";
		};
		5657163321B8D32B00702C77 /* Controllers */ = {
			isa = PBXGroup;
			children = (
				5657163421B8D35D00702C77 /* LogInViewController.swift */,
				571B9E4521BF00290070138C /* SignUpViewController.swift */,
				57B7CE2B21C0B57700C95819 /* EventsViewController.swift */,
				573C918221C165CB007449B2 /* EventDescriptionViewController.swift */,
				5764F6B921C9509400707A35 /* MainViewController.swift */,
			);
			path = Controllers;
			sourceTree = "<group>";
		};
		56CE72E521AC3727009D4F75 = {
			isa = PBXGroup;
			children = (
				56CE72F021AC3727009D4F75 /* MeetupApp */,
				56CE730521AC3729009D4F75 /* MeetupAppTests */,
				56CE731021AC3729009D4F75 /* MeetupAppUITests */,
				56CE72EF21AC3727009D4F75 /* Products */,
				84E434DC936F6C9984B1D7B1 /* Pods */,
				5267F3B76C2C52B085F55AB8 /* Frameworks */,
			);
			sourceTree = "<group>";
		};
		56CE72EF21AC3727009D4F75 /* Products */ = {
			isa = PBXGroup;
			children = (
				56CE72EE21AC3727009D4F75 /* MeetupApp.app */,
				56CE730221AC3729009D4F75 /* MeetupAppTests.xctest */,
				56CE730D21AC3729009D4F75 /* MeetupAppUITests.xctest */,
			);
			name = Products;
			sourceTree = "<group>";
		};
		56CE72F021AC3727009D4F75 /* MeetupApp */ = {
			isa = PBXGroup;
			children = (
				57B7CE2821C0AD7000C95819 /* Models */,
				5657163321B8D32B00702C77 /* Controllers */,
				56CE72F121AC3727009D4F75 /* AppDelegate.swift */,
				56CE72F521AC3727009D4F75 /* Main.storyboard */,
				56CE72FA21AC3729009D4F75 /* LaunchScreen.storyboard */,
				56CE72FD21AC3729009D4F75 /* Info.plist */,
				5684576A21AC4DEA0048EA93 /* GoogleService-Info.plist */,
				57F9E22521D9B0CB009C9568 /* Assets.xcassets */,
			);
			path = MeetupApp;
			sourceTree = "<group>";
		};
		56CE730521AC3729009D4F75 /* MeetupAppTests */ = {
			isa = PBXGroup;
			children = (
				56CE730621AC3729009D4F75 /* MeetupAppTests.swift */,
				56CE730821AC3729009D4F75 /* Info.plist */,
			);
			path = MeetupAppTests;
			sourceTree = "<group>";
		};
		56CE731021AC3729009D4F75 /* MeetupAppUITests */ = {
			isa = PBXGroup;
			children = (
				56CE731121AC3729009D4F75 /* MeetupAppUITests.swift */,
				56CE731321AC3729009D4F75 /* Info.plist */,
			);
			path = MeetupAppUITests;
			sourceTree = "<group>";
		};
		57B7CE2821C0AD7000C95819 /* Models */ = {
			isa = PBXGroup;
			children = (
				57B7CE2921C0AD8200C95819 /* EventsTableViewCell.swift */,
				57B7CE2F21C0B81A00C95819 /* Event.swift */,
				C10AB4ED21DA87800078C187 /* CodigoQR.swift */,
			);
			path = Models;
			sourceTree = "<group>";
		};
		84E434DC936F6C9984B1D7B1 /* Pods */ = {
			isa = PBXGroup;
			children = (
				8576C1A4F7EAFD8B8A438854 /* Pods-MeetupApp.debug.xcconfig */,
				3C665BC41ABF96C3E2B71322 /* Pods-MeetupApp.release.xcconfig */,
				D960C6737EDC0FB2935B54F4 /* Pods-MeetupAppTests.debug.xcconfig */,
				B395F0A299188E15ADD498C3 /* Pods-MeetupAppTests.release.xcconfig */,
				58D8E47B99A0929C27EEBF41 /* Pods-MeetupAppUITests.debug.xcconfig */,
				A687D5378255DBD054EE0423 /* Pods-MeetupAppUITests.release.xcconfig */,
			);
			name = Pods;
			sourceTree = "<group>";
		};
/* End PBXGroup section */

/* Begin PBXNativeTarget section */
		56CE72ED21AC3727009D4F75 /* MeetupApp */ = {
			isa = PBXNativeTarget;
			buildConfigurationList = 56CE731621AC3729009D4F75 /* Build configuration list for PBXNativeTarget "MeetupApp" */;
			buildPhases = (
				22DB0D22B96E47B5862E4445 /* [CP] Check Pods Manifest.lock */,
				56CE72EA21AC3727009D4F75 /* Sources */,
				56CE72EB21AC3727009D4F75 /* Frameworks */,
				56CE72EC21AC3727009D4F75 /* Resources */,
				9F93A31552E459F9E776FD44 /* [CP] Embed Pods Frameworks */,
			);
			buildRules = (
			);
			dependencies = (
			);
			name = MeetupApp;
			productName = MeetupApp;
			productReference = 56CE72EE21AC3727009D4F75 /* MeetupApp.app */;
			productType = "com.apple.product-type.application";
		};
		56CE730121AC3729009D4F75 /* MeetupAppTests */ = {
			isa = PBXNativeTarget;
			buildConfigurationList = 56CE731921AC3729009D4F75 /* Build configuration list for PBXNativeTarget "MeetupAppTests" */;
			buildPhases = (
				276F120B84E103F7AA2EC08A /* [CP] Check Pods Manifest.lock */,
				56CE72FE21AC3729009D4F75 /* Sources */,
				56CE72FF21AC3729009D4F75 /* Frameworks */,
				56CE730021AC3729009D4F75 /* Resources */,
			);
			buildRules = (
			);
			dependencies = (
				56CE730421AC3729009D4F75 /* PBXTargetDependency */,
			);
			name = MeetupAppTests;
			productName = MeetupAppTests;
			productReference = 56CE730221AC3729009D4F75 /* MeetupAppTests.xctest */;
			productType = "com.apple.product-type.bundle.unit-test";
		};
		56CE730C21AC3729009D4F75 /* MeetupAppUITests */ = {
			isa = PBXNativeTarget;
			buildConfigurationList = 56CE731C21AC3729009D4F75 /* Build configuration list for PBXNativeTarget "MeetupAppUITests" */;
			buildPhases = (
				8F272B0371A29C73A6A630A5 /* [CP] Check Pods Manifest.lock */,
				56CE730921AC3729009D4F75 /* Sources */,
				56CE730A21AC3729009D4F75 /* Frameworks */,
				56CE730B21AC3729009D4F75 /* Resources */,
			);
			buildRules = (
			);
			dependencies = (
				56CE730F21AC3729009D4F75 /* PBXTargetDependency */,
			);
			name = MeetupAppUITests;
			productName = MeetupAppUITests;
			productReference = 56CE730D21AC3729009D4F75 /* MeetupAppUITests.xctest */;
			productType = "com.apple.product-type.bundle.ui-testing";
		};
/* End PBXNativeTarget section */

/* Begin PBXProject section */
		56CE72E621AC3727009D4F75 /* Project object */ = {
			isa = PBXProject;
			attributes = {
				LastSwiftUpdateCheck = 1000;
				LastUpgradeCheck = 1000;
				ORGANIZATIONNAME = Gerardo;
				TargetAttributes = {
					56CE72ED21AC3727009D4F75 = {
						CreatedOnToolsVersion = 10.0;
					};
					56CE730121AC3729009D4F75 = {
						CreatedOnToolsVersion = 10.0;
						TestTargetID = 56CE72ED21AC3727009D4F75;
					};
					56CE730C21AC3729009D4F75 = {
						CreatedOnToolsVersion = 10.0;
						TestTargetID = 56CE72ED21AC3727009D4F75;
					};
				};
			};
			buildConfigurationList = 56CE72E921AC3727009D4F75 /* Build configuration list for PBXProject "MeetupApp" */;
			compatibilityVersion = "Xcode 9.3";
			developmentRegion = en;
			hasScannedForEncodings = 0;
			knownRegions = (
				en,
				Base,
			);
			mainGroup = 56CE72E521AC3727009D4F75;
			productRefGroup = 56CE72EF21AC3727009D4F75 /* Products */;
			projectDirPath = "";
			projectRoot = "";
			targets = (
				56CE72ED21AC3727009D4F75 /* MeetupApp */,
				56CE730121AC3729009D4F75 /* MeetupAppTests */,
				56CE730C21AC3729009D4F75 /* MeetupAppUITests */,
			);
		};
/* End PBXProject section */

/* Begin PBXResourcesBuildPhase section */
		56CE72EC21AC3727009D4F75 /* Resources */ = {
			isa = PBXResourcesBuildPhase;
			buildActionMask = 2147483647;
			files = (
				56CE72FC21AC3729009D4F75 /* LaunchScreen.storyboard in Resources */,
				5684576B21AC4DEA0048EA93 /* GoogleService-Info.plist in Resources */,
				57F9E22621D9B0CB009C9568 /* Assets.xcassets in Resources */,
				56CE72F721AC3727009D4F75 /* Main.storyboard in Resources */,
			);
			runOnlyForDeploymentPostprocessing = 0;
		};
		56CE730021AC3729009D4F75 /* Resources */ = {
			isa = PBXResourcesBuildPhase;
			buildActionMask = 2147483647;
			files = (
			);
			runOnlyForDeploymentPostprocessing = 0;
		};
		56CE730B21AC3729009D4F75 /* Resources */ = {
			isa = PBXResourcesBuildPhase;
			buildActionMask = 2147483647;
			files = (
			);
			runOnlyForDeploymentPostprocessing = 0;
		};
/* End PBXResourcesBuildPhase section */

/* Begin PBXShellScriptBuildPhase section */
		22DB0D22B96E47B5862E4445 /* [CP] Check Pods Manifest.lock */ = {
			isa = PBXShellScriptBuildPhase;
			buildActionMask = 2147483647;
			files = (
			);
			inputFileListPaths = (
			);
			inputPaths = (
				"${PODS_PODFILE_DIR_PATH}/Podfile.lock",
				"${PODS_ROOT}/Manifest.lock",
			);
			name = "[CP] Check Pods Manifest.lock";
			outputFileListPaths = (
			);
			outputPaths = (
				"$(DERIVED_FILE_DIR)/Pods-MeetupApp-checkManifestLockResult.txt",
			);
			runOnlyForDeploymentPostprocessing = 0;
			shellPath = /bin/sh;
			shellScript = "diff \"${PODS_PODFILE_DIR_PATH}/Podfile.lock\" \"${PODS_ROOT}/Manifest.lock\" > /dev/null\nif [ $? != 0 ] ; then\n    # print error to STDERR\n    echo \"error: The sandbox is not in sync with the Podfile.lock. Run 'pod install' or update your CocoaPods installation.\" >&2\n    exit 1\nfi\n# This output is used by Xcode 'outputs' to avoid re-running this script phase.\necho \"SUCCESS\" > \"${SCRIPT_OUTPUT_FILE_0}\"\n";
			showEnvVarsInLog = 0;
		};
		276F120B84E103F7AA2EC08A /* [CP] Check Pods Manifest.lock */ = {
			isa = PBXShellScriptBuildPhase;
			buildActionMask = 2147483647;
			files = (
			);
			inputFileListPaths = (
			);
			inputPaths = (
				"${PODS_PODFILE_DIR_PATH}/Podfile.lock",
				"${PODS_ROOT}/Manifest.lock",
			);
			name = "[CP] Check Pods Manifest.lock";
			outputFileListPaths = (
			);
			outputPaths = (
				"$(DERIVED_FILE_DIR)/Pods-MeetupAppTests-checkManifestLockResult.txt",
			);
			runOnlyForDeploymentPostprocessing = 0;
			shellPath = /bin/sh;
			shellScript = "diff \"${PODS_PODFILE_DIR_PATH}/Podfile.lock\" \"${PODS_ROOT}/Manifest.lock\" > /dev/null\nif [ $? != 0 ] ; then\n    # print error to STDERR\n    echo \"error: The sandbox is not in sync with the Podfile.lock. Run 'pod install' or update your CocoaPods installation.\" >&2\n    exit 1\nfi\n# This output is used by Xcode 'outputs' to avoid re-running this script phase.\necho \"SUCCESS\" > \"${SCRIPT_OUTPUT_FILE_0}\"\n";
			showEnvVarsInLog = 0;
		};
		8F272B0371A29C73A6A630A5 /* [CP] Check Pods Manifest.lock */ = {
			isa = PBXShellScriptBuildPhase;
			buildActionMask = 2147483647;
			files = (
			);
			inputFileListPaths = (
			);
			inputPaths = (
				"${PODS_PODFILE_DIR_PATH}/Podfile.lock",
				"${PODS_ROOT}/Manifest.lock",
			);
			name = "[CP] Check Pods Manifest.lock";
			outputFileListPaths = (
			);
			outputPaths = (
				"$(DERIVED_FILE_DIR)/Pods-MeetupAppUITests-checkManifestLockResult.txt",
			);
			runOnlyForDeploymentPostprocessing = 0;
			shellPath = /bin/sh;
			shellScript = "diff \"${PODS_PODFILE_DIR_PATH}/Podfile.lock\" \"${PODS_ROOT}/Manifest.lock\" > /dev/null\nif [ $? != 0 ] ; then\n    # print error to STDERR\n    echo \"error: The sandbox is not in sync with the Podfile.lock. Run 'pod install' or update your CocoaPods installation.\" >&2\n    exit 1\nfi\n# This output is used by Xcode 'outputs' to avoid re-running this script phase.\necho \"SUCCESS\" > \"${SCRIPT_OUTPUT_FILE_0}\"\n";
			showEnvVarsInLog = 0;
		};
		9F93A31552E459F9E776FD44 /* [CP] Embed Pods Frameworks */ = {
			isa = PBXShellScriptBuildPhase;
			buildActionMask = 2147483647;
			files = (
			);
			inputFileListPaths = (
			);
			inputPaths = (
				"${SRCROOT}/Pods/Target Support Files/Pods-MeetupApp/Pods-MeetupApp-frameworks.sh",
				"${BUILT_PRODUCTS_DIR}/GTMSessionFetcher/GTMSessionFetcher.framework",
				"${BUILT_PRODUCTS_DIR}/GoogleUtilities/GoogleUtilities.framework",
				"${BUILT_PRODUCTS_DIR}/leveldb-library/leveldb.framework",
				"${BUILT_PRODUCTS_DIR}/nanopb/nanopb.framework",
			);
			name = "[CP] Embed Pods Frameworks";
			outputFileListPaths = (
			);
			outputPaths = (
				"${TARGET_BUILD_DIR}/${FRAMEWORKS_FOLDER_PATH}/GTMSessionFetcher.framework",
				"${TARGET_BUILD_DIR}/${FRAMEWORKS_FOLDER_PATH}/GoogleUtilities.framework",
				"${TARGET_BUILD_DIR}/${FRAMEWORKS_FOLDER_PATH}/leveldb.framework",
				"${TARGET_BUILD_DIR}/${FRAMEWORKS_FOLDER_PATH}/nanopb.framework",
			);
			runOnlyForDeploymentPostprocessing = 0;
			shellPath = /bin/sh;
			shellScript = "\"${SRCROOT}/Pods/Target Support Files/Pods-MeetupApp/Pods-MeetupApp-frameworks.sh\"\n";
			showEnvVarsInLog = 0;
		};
/* End PBXShellScriptBuildPhase section */

/* Begin PBXSourcesBuildPhase section */
		56CE72EA21AC3727009D4F75 /* Sources */ = {
			isa = PBXSourcesBuildPhase;
			buildActionMask = 2147483647;
			files = (
				56CE72F221AC3727009D4F75 /* AppDelegate.swift in Sources */,
				57B7CE2C21C0B57700C95819 /* EventsViewController.swift in Sources */,
				57B7CE2A21C0AD8200C95819 /* EventsTableViewCell.swift in Sources */,
				573C918321C165CB007449B2 /* EventDescriptionViewController.swift in Sources */,
				5657163521B8D35D00702C77 /* LogInViewController.swift in Sources */,
				C10AB4EE21DA87800078C187 /* CodigoQR.swift in Sources */,
				57B7CE3021C0B81A00C95819 /* Event.swift in Sources */,
				571B9E4621BF00290070138C /* SignUpViewController.swift in Sources */,
				5764F6BA21C9509400707A35 /* MainViewController.swift in Sources */,
			);
			runOnlyForDeploymentPostprocessing = 0;
		};
		56CE72FE21AC3729009D4F75 /* Sources */ = {
			isa = PBXSourcesBuildPhase;
			buildActionMask = 2147483647;
			files = (
				56CE730721AC3729009D4F75 /* MeetupAppTests.swift in Sources */,
			);
			runOnlyForDeploymentPostprocessing = 0;
		};
		56CE730921AC3729009D4F75 /* Sources */ = {
			isa = PBXSourcesBuildPhase;
			buildActionMask = 2147483647;
			files = (
				56CE731221AC3729009D4F75 /* MeetupAppUITests.swift in Sources */,
			);
			runOnlyForDeploymentPostprocessing = 0;
		};
/* End PBXSourcesBuildPhase section */

/* Begin PBXTargetDependency section */
		56CE730421AC3729009D4F75 /* PBXTargetDependency */ = {
			isa = PBXTargetDependency;
			target = 56CE72ED21AC3727009D4F75 /* MeetupApp */;
			targetProxy = 56CE730321AC3729009D4F75 /* PBXContainerItemProxy */;
		};
		56CE730F21AC3729009D4F75 /* PBXTargetDependency */ = {
			isa = PBXTargetDependency;
			target = 56CE72ED21AC3727009D4F75 /* MeetupApp */;
			targetProxy = 56CE730E21AC3729009D4F75 /* PBXContainerItemProxy */;
		};
/* End PBXTargetDependency section */

/* Begin PBXVariantGroup section */
		56CE72F521AC3727009D4F75 /* Main.storyboard */ = {
			isa = PBXVariantGroup;
			children = (
				56CE72F621AC3727009D4F75 /* Base */,
			);
			name = Main.storyboard;
			sourceTree = "<group>";
		};
		56CE72FA21AC3729009D4F75 /* LaunchScreen.storyboard */ = {
			isa = PBXVariantGroup;
			children = (
				56CE72FB21AC3729009D4F75 /* Base */,
			);
			name = LaunchScreen.storyboard;
			sourceTree = "<group>";
		};
/* End PBXVariantGroup section */

/* Begin XCBuildConfiguration section */
		56CE731421AC3729009D4F75 /* Debug */ = {
			isa = XCBuildConfiguration;
			buildSettings = {
				ALWAYS_SEARCH_USER_PATHS = NO;
				CLANG_ANALYZER_NONNULL = YES;
				CLANG_ANALYZER_NUMBER_OBJECT_CONVERSION = YES_AGGRESSIVE;
				CLANG_CXX_LANGUAGE_STANDARD = "gnu++14";
				CLANG_CXX_LIBRARY = "libc++";
				CLANG_ENABLE_MODULES = YES;
				CLANG_ENABLE_OBJC_ARC = YES;
				CLANG_ENABLE_OBJC_WEAK = YES;
				CLANG_WARN_BLOCK_CAPTURE_AUTORELEASING = YES;
				CLANG_WARN_BOOL_CONVERSION = YES;
				CLANG_WARN_COMMA = YES;
				CLANG_WARN_CONSTANT_CONVERSION = YES;
				CLANG_WARN_DEPRECATED_OBJC_IMPLEMENTATIONS = YES;
				CLANG_WARN_DIRECT_OBJC_ISA_USAGE = YES_ERROR;
				CLANG_WARN_DOCUMENTATION_COMMENTS = YES;
				CLANG_WARN_EMPTY_BODY = YES;
				CLANG_WARN_ENUM_CONVERSION = YES;
				CLANG_WARN_INFINITE_RECURSION = YES;
				CLANG_WARN_INT_CONVERSION = YES;
				CLANG_WARN_NON_LITERAL_NULL_CONVERSION = YES;
				CLANG_WARN_OBJC_IMPLICIT_RETAIN_SELF = YES;
				CLANG_WARN_OBJC_LITERAL_CONVERSION = YES;
				CLANG_WARN_OBJC_ROOT_CLASS = YES_ERROR;
				CLANG_WARN_RANGE_LOOP_ANALYSIS = YES;
				CLANG_WARN_STRICT_PROTOTYPES = YES;
				CLANG_WARN_SUSPICIOUS_MOVE = YES;
				CLANG_WARN_UNGUARDED_AVAILABILITY = YES_AGGRESSIVE;
				CLANG_WARN_UNREACHABLE_CODE = YES;
				CLANG_WARN__DUPLICATE_METHOD_MATCH = YES;
				CODE_SIGN_IDENTITY = "iPhone Developer";
				COPY_PHASE_STRIP = NO;
				DEBUG_INFORMATION_FORMAT = dwarf;
				ENABLE_STRICT_OBJC_MSGSEND = YES;
				ENABLE_TESTABILITY = YES;
				GCC_C_LANGUAGE_STANDARD = gnu11;
				GCC_DYNAMIC_NO_PIC = NO;
				GCC_NO_COMMON_BLOCKS = YES;
				GCC_OPTIMIZATION_LEVEL = 0;
				GCC_PREPROCESSOR_DEFINITIONS = (
					"DEBUG=1",
					"$(inherited)",
				);
				GCC_WARN_64_TO_32_BIT_CONVERSION = YES;
				GCC_WARN_ABOUT_RETURN_TYPE = YES_ERROR;
				GCC_WARN_UNDECLARED_SELECTOR = YES;
				GCC_WARN_UNINITIALIZED_AUTOS = YES_AGGRESSIVE;
				GCC_WARN_UNUSED_FUNCTION = YES;
				GCC_WARN_UNUSED_VARIABLE = YES;
				IPHONEOS_DEPLOYMENT_TARGET = 12.0;
				MTL_ENABLE_DEBUG_INFO = INCLUDE_SOURCE;
				MTL_FAST_MATH = YES;
				ONLY_ACTIVE_ARCH = YES;
				SDKROOT = iphoneos;
				SWIFT_ACTIVE_COMPILATION_CONDITIONS = DEBUG;
				SWIFT_OPTIMIZATION_LEVEL = "-Onone";
			};
			name = Debug;
		};
		56CE731521AC3729009D4F75 /* Release */ = {
			isa = XCBuildConfiguration;
			buildSettings = {
				ALWAYS_SEARCH_USER_PATHS = NO;
				CLANG_ANALYZER_NONNULL = YES;
				CLANG_ANALYZER_NUMBER_OBJECT_CONVERSION = YES_AGGRESSIVE;
				CLANG_CXX_LANGUAGE_STANDARD = "gnu++14";
				CLANG_CXX_LIBRARY = "libc++";
				CLANG_ENABLE_MODULES = YES;
				CLANG_ENABLE_OBJC_ARC = YES;
				CLANG_ENABLE_OBJC_WEAK = YES;
				CLANG_WARN_BLOCK_CAPTURE_AUTORELEASING = YES;
				CLANG_WARN_BOOL_CONVERSION = YES;
				CLANG_WARN_COMMA = YES;
				CLANG_WARN_CONSTANT_CONVERSION = YES;
				CLANG_WARN_DEPRECATED_OBJC_IMPLEMENTATIONS = YES;
				CLANG_WARN_DIRECT_OBJC_ISA_USAGE = YES_ERROR;
				CLANG_WARN_DOCUMENTATION_COMMENTS = YES;
				CLANG_WARN_EMPTY_BODY = YES;
				CLANG_WARN_ENUM_CONVERSION = YES;
				CLANG_WARN_INFINITE_RECURSION = YES;
				CLANG_WARN_INT_CONVERSION = YES;
				CLANG_WARN_NON_LITERAL_NULL_CONVERSION = YES;
				CLANG_WARN_OBJC_IMPLICIT_RETAIN_SELF = YES;
				CLANG_WARN_OBJC_LITERAL_CONVERSION = YES;
				CLANG_WARN_OBJC_ROOT_CLASS = YES_ERROR;
				CLANG_WARN_RANGE_LOOP_ANALYSIS = YES;
				CLANG_WARN_STRICT_PROTOTYPES = YES;
				CLANG_WARN_SUSPICIOUS_MOVE = YES;
				CLANG_WARN_UNGUARDED_AVAILABILITY = YES_AGGRESSIVE;
				CLANG_WARN_UNREACHABLE_CODE = YES;
				CLANG_WARN__DUPLICATE_METHOD_MATCH = YES;
				CODE_SIGN_IDENTITY = "iPhone Developer";
				COPY_PHASE_STRIP = NO;
				DEBUG_INFORMATION_FORMAT = "dwarf-with-dsym";
				ENABLE_NS_ASSERTIONS = NO;
				ENABLE_STRICT_OBJC_MSGSEND = YES;
				GCC_C_LANGUAGE_STANDARD = gnu11;
				GCC_NO_COMMON_BLOCKS = YES;
				GCC_WARN_64_TO_32_BIT_CONVERSION = YES;
				GCC_WARN_ABOUT_RETURN_TYPE = YES_ERROR;
				GCC_WARN_UNDECLARED_SELECTOR = YES;
				GCC_WARN_UNINITIALIZED_AUTOS = YES_AGGRESSIVE;
				GCC_WARN_UNUSED_FUNCTION = YES;
				GCC_WARN_UNUSED_VARIABLE = YES;
				IPHONEOS_DEPLOYMENT_TARGET = 12.0;
				MTL_ENABLE_DEBUG_INFO = NO;
				MTL_FAST_MATH = YES;
				SDKROOT = iphoneos;
				SWIFT_COMPILATION_MODE = wholemodule;
				SWIFT_OPTIMIZATION_LEVEL = "-O";
				VALIDATE_PRODUCT = YES;
			};
			name = Release;
		};
		56CE731721AC3729009D4F75 /* Debug */ = {
			isa = XCBuildConfiguration;
			baseConfigurationReference = 8576C1A4F7EAFD8B8A438854 /* Pods-MeetupApp.debug.xcconfig */;
			buildSettings = {
				ASSETCATALOG_COMPILER_APPICON_NAME = AppIcon;
				CODE_SIGN_STYLE = Automatic;
				DEVELOPMENT_TEAM = "";
				INFOPLIST_FILE = MeetupApp/Info.plist;
				LD_RUNPATH_SEARCH_PATHS = (
					"$(inherited)",
					"@executable_path/Frameworks",
				);
				PRODUCT_BUNDLE_IDENTIFIER = UNAM.MeetupApp;
				PRODUCT_NAME = "$(TARGET_NAME)";
				SWIFT_VERSION = 4.2;
				TARGETED_DEVICE_FAMILY = 1;
			};
			name = Debug;
		};
		56CE731821AC3729009D4F75 /* Release */ = {
			isa = XCBuildConfiguration;
			baseConfigurationReference = 3C665BC41ABF96C3E2B71322 /* Pods-MeetupApp.release.xcconfig */;
			buildSettings = {
				ASSETCATALOG_COMPILER_APPICON_NAME = AppIcon;
				CODE_SIGN_STYLE = Automatic;
				DEVELOPMENT_TEAM = "";
				INFOPLIST_FILE = MeetupApp/Info.plist;
				LD_RUNPATH_SEARCH_PATHS = (
					"$(inherited)",
					"@executable_path/Frameworks",
				);
				PRODUCT_BUNDLE_IDENTIFIER = UNAM.MeetupApp;
				PRODUCT_NAME = "$(TARGET_NAME)";
				SWIFT_VERSION = 4.2;
				TARGETED_DEVICE_FAMILY = 1;
			};
			name = Release;
		};
		56CE731A21AC3729009D4F75 /* Debug */ = {
			isa = XCBuildConfiguration;
			baseConfigurationReference = D960C6737EDC0FB2935B54F4 /* Pods-MeetupAppTests.debug.xcconfig */;
			buildSettings = {
				ALWAYS_EMBED_SWIFT_STANDARD_LIBRARIES = YES;
				BUNDLE_LOADER = "$(TEST_HOST)";
				CODE_SIGN_STYLE = Automatic;
				DEVELOPMENT_TEAM = ZCU3LP7DMT;
				INFOPLIST_FILE = MeetupAppTests/Info.plist;
				LD_RUNPATH_SEARCH_PATHS = (
					"$(inherited)",
					"@executable_path/Frameworks",
					"@loader_path/Frameworks",
				);
				PRODUCT_BUNDLE_IDENTIFIER = UNAM.MeetupAppTests;
				PRODUCT_NAME = "$(TARGET_NAME)";
				SWIFT_VERSION = 4.2;
				TARGETED_DEVICE_FAMILY = "1,2";
				TEST_HOST = "$(BUILT_PRODUCTS_DIR)/MeetupApp.app/MeetupApp";
			};
			name = Debug;
		};
		56CE731B21AC3729009D4F75 /* Release */ = {
			isa = XCBuildConfiguration;
			baseConfigurationReference = B395F0A299188E15ADD498C3 /* Pods-MeetupAppTests.release.xcconfig */;
			buildSettings = {
				ALWAYS_EMBED_SWIFT_STANDARD_LIBRARIES = YES;
				BUNDLE_LOADER = "$(TEST_HOST)";
				CODE_SIGN_STYLE = Automatic;
				DEVELOPMENT_TEAM = ZCU3LP7DMT;
				INFOPLIST_FILE = MeetupAppTests/Info.plist;
				LD_RUNPATH_SEARCH_PATHS = (
					"$(inherited)",
					"@executable_path/Frameworks",
					"@loader_path/Frameworks",
				);
				PRODUCT_BUNDLE_IDENTIFIER = UNAM.MeetupAppTests;
				PRODUCT_NAME = "$(TARGET_NAME)";
				SWIFT_VERSION = 4.2;
				TARGETED_DEVICE_FAMILY = "1,2";
				TEST_HOST = "$(BUILT_PRODUCTS_DIR)/MeetupApp.app/MeetupApp";
			};
			name = Release;
		};
		56CE731D21AC3729009D4F75 /* Debug */ = {
			isa = XCBuildConfiguration;
			baseConfigurationReference = 58D8E47B99A0929C27EEBF41 /* Pods-MeetupAppUITests.debug.xcconfig */;
			buildSettings = {
				ALWAYS_EMBED_SWIFT_STANDARD_LIBRARIES = YES;
				CODE_SIGN_STYLE = Automatic;
				DEVELOPMENT_TEAM = ZCU3LP7DMT;
				INFOPLIST_FILE = MeetupAppUITests/Info.plist;
				LD_RUNPATH_SEARCH_PATHS = (
					"$(inherited)",
					"@executable_path/Frameworks",
					"@loader_path/Frameworks",
				);
				PRODUCT_BUNDLE_IDENTIFIER = UNAM.MeetupAppUITests;
				PRODUCT_NAME = "$(TARGET_NAME)";
				SWIFT_VERSION = 4.2;
				TARGETED_DEVICE_FAMILY = "1,2";
				TEST_TARGET_NAME = MeetupApp;
			};
			name = Debug;
		};
		56CE731E21AC3729009D4F75 /* Release */ = {
			isa = XCBuildConfiguration;
			baseConfigurationReference = A687D5378255DBD054EE0423 /* Pods-MeetupAppUITests.release.xcconfig */;
			buildSettings = {
				ALWAYS_EMBED_SWIFT_STANDARD_LIBRARIES = YES;
				CODE_SIGN_STYLE = Automatic;
				DEVELOPMENT_TEAM = ZCU3LP7DMT;
				INFOPLIST_FILE = MeetupAppUITests/Info.plist;
				LD_RUNPATH_SEARCH_PATHS = (
					"$(inherited)",
					"@executable_path/Frameworks",
					"@loader_path/Frameworks",
				);
				PRODUCT_BUNDLE_IDENTIFIER = UNAM.MeetupAppUITests;
				PRODUCT_NAME = "$(TARGET_NAME)";
				SWIFT_VERSION = 4.2;
				TARGETED_DEVICE_FAMILY = "1,2";
				TEST_TARGET_NAME = MeetupApp;
			};
			name = Release;
		};
/* End XCBuildConfiguration section */

/* Begin XCConfigurationList section */
		56CE72E921AC3727009D4F75 /* Build configuration list for PBXProject "MeetupApp" */ = {
			isa = XCConfigurationList;
			buildConfigurations = (
				56CE731421AC3729009D4F75 /* Debug */,
				56CE731521AC3729009D4F75 /* Release */,
			);
			defaultConfigurationIsVisible = 0;
			defaultConfigurationName = Release;
		};
		56CE731621AC3729009D4F75 /* Build configuration list for PBXNativeTarget "MeetupApp" */ = {
			isa = XCConfigurationList;
			buildConfigurations = (
				56CE731721AC3729009D4F75 /* Debug */,
				56CE731821AC3729009D4F75 /* Release */,
			);
			defaultConfigurationIsVisible = 0;
			defaultConfigurationName = Release;
		};
		56CE731921AC3729009D4F75 /* Build configuration list for PBXNativeTarget "MeetupAppTests" */ = {
			isa = XCConfigurationList;
			buildConfigurations = (
				56CE731A21AC3729009D4F75 /* Debug */,
				56CE731B21AC3729009D4F75 /* Release */,
			);
			defaultConfigurationIsVisible = 0;
			defaultConfigurationName = Release;
		};
		56CE731C21AC3729009D4F75 /* Build configuration list for PBXNativeTarget "MeetupAppUITests" */ = {
			isa = XCConfigurationList;
			buildConfigurations = (
				56CE731D21AC3729009D4F75 /* Debug */,
				56CE731E21AC3729009D4F75 /* Release */,
			);
			defaultConfigurationIsVisible = 0;
			defaultConfigurationName = Release;
		};
/* End XCConfigurationList section */
	};
	rootObject = 56CE72E621AC3727009D4F75 /* Project object */;
}
